
Microsoft Visual Studio Solution File, Format Version 12.00
# Visual Studio Version 16
VisualStudioVersion = 16.0.29728.190
MinimumVisualStudioVersion = 10.0.40219.1
Project("{FAE04EC0-301F-11D3-BF4B-00C04F79EFBC}") = "PayrollAPI", "PayrollAPI\PayrollAPI.csproj", "{5A0EFA18-65F7-43EA-90EF-EC2869A6FCEA}"
EndProject
Project("{FAE04EC0-301F-11D3-BF4B-00C04F79EFBC}") = "BenefitsTest", "BenefitsTest\BenefitsTest.csproj", "{6933FE89-0EE3-4E9A-9897-79EB288FAEE8}"
EndProject
Global
	GlobalSection(SolutionConfigurationPlatforms) = preSolution
		Debug|Any CPU = Debug|Any CPU
		Release|Any CPU = Release|Any CPU
	EndGlobalSection
	GlobalSection(ProjectConfigurationPlatforms) = postSolution
		{5A0EFA18-65F7-43EA-90EF-EC2869A6FCEA}.Debug|Any CPU.ActiveCfg = Debug|Any CPU
		{5A0EFA18-65F7-43EA-90EF-EC2869A6FCEA}.Debug|Any CPU.Build.0 = Debug|Any CPU
		{5A0EFA18-65F7-43EA-90EF-EC2869A6FCEA}.Release|Any CPU.ActiveCfg = Release|Any CPU
		{5A0EFA18-65F7-43EA-90EF-EC2869A6FCEA}.Release|Any CPU.Build.0 = Release|Any CPU
		{6933FE89-0EE3-4E9A-9897-79EB288FAEE8}.Debug|Any CPU.ActiveCfg = Debug|Any CPU
		{6933FE89-0EE3-4E9A-9897-79EB288FAEE8}.Debug|Any CPU.Build.0 = Debug|Any CPU
		{6933FE89-0EE3-4E9A-9897-79EB288FAEE8}.Release|Any CPU.ActiveCfg = Release|Any CPU
		{6933FE89-0EE3-4E9A-9897-79EB288FAEE8}.Release|Any CPU.Build.0 = Release|Any CPU
	EndGlobalSection
	GlobalSection(SolutionProperties) = preSolution
		HideSolutionNode = FALSE
	EndGlobalSection
	GlobalSection(ExtensibilityGlobals) = postSolution
		SolutionGuid = {35D0937A-F2E2-43C1-A825-A80F8104D8AD}
	EndGlobalSection
EndGlobal
